
Microsoft Visual Studio Solution File, Format Version 12.00
# Visual Studio 15
VisualStudioVersion = 15.0.28010.2036
MinimumVisualStudioVersion = 10.0.40219.1
Project("{FAE04EC0-301F-11D3-BF4B-00C04F79EFBC}") = "497FinalProject", "497FinalProject\497FinalProject.csproj", "{2583466F-8F38-4B67-99C0-E2D0C4CD009E}"
EndProject
Global
	GlobalSection(SolutionConfigurationPlatforms) = preSolution
		Debug|Any CPU = Debug|Any CPU
		Release|Any CPU = Release|Any CPU
	EndGlobalSection
	GlobalSection(ProjectConfigurationPlatforms) = postSolution
		{2583466F-8F38-4B67-99C0-E2D0C4CD009E}.Debug|Any CPU.ActiveCfg = Debug|Any CPU
		{2583466F-8F38-4B67-99C0-E2D0C4CD009E}.Debug|Any CPU.Build.0 = Debug|Any CPU
		{2583466F-8F38-4B67-99C0-E2D0C4CD009E}.Release|Any CPU.ActiveCfg = Release|Any CPU
		{2583466F-8F38-4B67-99C0-E2D0C4CD009E}.Release|Any CPU.Build.0 = Release|Any CPU
	EndGlobalSection
	GlobalSection(SolutionProperties) = preSolution
		HideSolutionNode = FALSE
	EndGlobalSection
	GlobalSection(ExtensibilityGlobals) = postSolution
		SolutionGuid = {03852145-3E17-49DE-96B8-07FDB0B2DFFD}
	EndGlobalSection
EndGlobal
